// !$*UTF8*$!
{
	archiveVersion = 1;
	classes = {
	};
	objectVersion = 50;
	objects = {

/* Begin PBXBuildFile section */
		4405DAAC20CF15600029632E /* ViewControllerViewModel.swift in Sources */ = {isa = PBXBuildFile; fileRef = 4405DAAB20CF15600029632E /* ViewControllerViewModel.swift */; };
		4405DAB120CF20500029632E /* ReleasesCellViewModel.swift in Sources */ = {isa = PBXBuildFile; fileRef = 4405DAB020CF20500029632E /* ReleasesCellViewModel.swift */; };
		4405DAB720CF27450029632E /* DefaultTableViewCell.swift in Sources */ = {isa = PBXBuildFile; fileRef = 4405DAB620CF27450029632E /* DefaultTableViewCell.swift */; };
		4405DABC20CF2ADA0029632E /* Property.swift in Sources */ = {isa = PBXBuildFile; fileRef = 4405DABB20CF2ADA0029632E /* Property.swift */; };
		4405DAD020CF2CEB0029632E /* FetchResult.swift in Sources */ = {isa = PBXBuildFile; fileRef = 4405DABE20CF2CEB0029632E /* FetchResult.swift */; };
		4405DAD120CF2CEB0029632E /* ListViewModel.swift in Sources */ = {isa = PBXBuildFile; fileRef = 4405DABF20CF2CEB0029632E /* ListViewModel.swift */; };
		4405DAD220CF2CEB0029632E /* ParsableManagedObjectExtension.swift in Sources */ = {isa = PBXBuildFile; fileRef = 4405DAC020CF2CEB0029632E /* ParsableManagedObjectExtension.swift */; };
		4405DAD320CF2CEB0029632E /* NetworkService.swift in Sources */ = {isa = PBXBuildFile; fileRef = 4405DAC220CF2CEB0029632E /* NetworkService.swift */; };
		4405DAD420CF2CEB0029632E /* ManagedObjectType.swift in Sources */ = {isa = PBXBuildFile; fileRef = 4405DAC420CF2CEB0029632E /* ManagedObjectType.swift */; };
		4405DAD520CF2CEB0029632E /* Parsable.swift in Sources */ = {isa = PBXBuildFile; fileRef = 4405DAC520CF2CEB0029632E /* Parsable.swift */; };
		4405DAD620CF2CEB0029632E /* ModelType.swift in Sources */ = {isa = PBXBuildFile; fileRef = 4405DAC620CF2CEB0029632E /* ModelType.swift */; };
		4405DAD720CF2CEB0029632E /* QueryInfoType.swift in Sources */ = {isa = PBXBuildFile; fileRef = 4405DAC720CF2CEB0029632E /* QueryInfoType.swift */; };
		4405DAD820CF2CEB0029632E /* CachePolicy.swift in Sources */ = {isa = PBXBuildFile; fileRef = 4405DAC820CF2CEB0029632E /* CachePolicy.swift */; };
		4405DAD920CF2CEB0029632E /* Array+Dict.swift in Sources */ = {isa = PBXBuildFile; fileRef = 4405DAC920CF2CEB0029632E /* Array+Dict.swift */; };
		4405DADA20CF2CEB0029632E /* ServiceError.swift in Sources */ = {isa = PBXBuildFile; fileRef = 4405DACA20CF2CEB0029632E /* ServiceError.swift */; };
		4405DADB20CF2CEB0029632E /* LocalService.swift in Sources */ = {isa = PBXBuildFile; fileRef = 4405DACC20CF2CEB0029632E /* LocalService.swift */; };
		4405DADC20CF2CEB0029632E /* CollectionViewDataSource.swift in Sources */ = {isa = PBXBuildFile; fileRef = 4405DACE20CF2CEB0029632E /* CollectionViewDataSource.swift */; };
		4405DADD20CF2CEB0029632E /* TableViewDataSource.swift in Sources */ = {isa = PBXBuildFile; fileRef = 4405DACF20CF2CEB0029632E /* TableViewDataSource.swift */; };
		4405DAE120CF2D580029632E /* ReleasesService.swift in Sources */ = {isa = PBXBuildFile; fileRef = 4405DADF20CF2D580029632E /* ReleasesService.swift */; };
		4405DAE220CF2D580029632E /* NetworkServiceQueryType+Default.swift in Sources */ = {isa = PBXBuildFile; fileRef = 4405DAE020CF2D580029632E /* NetworkServiceQueryType+Default.swift */; };
		448A979A20C6B9020004667E /* AppDelegate.swift in Sources */ = {isa = PBXBuildFile; fileRef = 448A979920C6B9020004667E /* AppDelegate.swift */; };
		448A979C20C6B9030004667E /* ViewController.swift in Sources */ = {isa = PBXBuildFile; fileRef = 448A979B20C6B9030004667E /* ViewController.swift */; };
		448A979F20C6B9030004667E /* Main.storyboard in Resources */ = {isa = PBXBuildFile; fileRef = 448A979D20C6B9030004667E /* Main.storyboard */; };
		448A97A120C6B9050004667E /* Assets.xcassets in Resources */ = {isa = PBXBuildFile; fileRef = 448A97A020C6B9050004667E /* Assets.xcassets */; };
		448A97A420C6B9050004667E /* LaunchScreen.storyboard in Resources */ = {isa = PBXBuildFile; fileRef = 448A97A220C6B9050004667E /* LaunchScreen.storyboard */; };
		448A97CF20C6BB2D0004667E /* CoreDataHelper.swift in Sources */ = {isa = PBXBuildFile; fileRef = 448A97CD20C6BB2C0004667E /* CoreDataHelper.swift */; };
		448A97D020C6BB2D0004667E /* CoreDataStore.swift in Sources */ = {isa = PBXBuildFile; fileRef = 448A97CE20C6BB2C0004667E /* CoreDataStore.swift */; };
		448A97D320C6C05A0004667E /* ReleasesEntity.swift in Sources */ = {isa = PBXBuildFile; fileRef = 448A97D220C6C05A0004667E /* ReleasesEntity.swift */; };
		448A97D520C7D01D0004667E /* ReleasesPageEntity.swift in Sources */ = {isa = PBXBuildFile; fileRef = 448A97D420C7D01D0004667E /* ReleasesPageEntity.swift */; };
		44D16C4320C8248700F7845F /* CoreDataModel.xcdatamodeld in Sources */ = {isa = PBXBuildFile; fileRef = 44D16C4120C8248700F7845F /* CoreDataModel.xcdatamodeld */; };
/* End PBXBuildFile section */

/* Begin PBXFileReference section */
		4405DAAB20CF15600029632E /* ViewControllerViewModel.swift */ = {isa = PBXFileReference; lastKnownFileType = sourcecode.swift; path = ViewControllerViewModel.swift; sourceTree = "<group>"; };
		4405DAB020CF20500029632E /* ReleasesCellViewModel.swift */ = {isa = PBXFileReference; lastKnownFileType = sourcecode.swift; path = ReleasesCellViewModel.swift; sourceTree = "<group>"; };
		4405DAB620CF27450029632E /* DefaultTableViewCell.swift */ = {isa = PBXFileReference; lastKnownFileType = sourcecode.swift; path = DefaultTableViewCell.swift; sourceTree = "<group>"; };
		4405DABB20CF2ADA0029632E /* Property.swift */ = {isa = PBXFileReference; lastKnownFileType = sourcecode.swift; path = Property.swift; sourceTree = "<group>"; };
		4405DABE20CF2CEB0029632E /* FetchResult.swift */ = {isa = PBXFileReference; fileEncoding = 4; lastKnownFileType = sourcecode.swift; path = FetchResult.swift; sourceTree = "<group>"; };
		4405DABF20CF2CEB0029632E /* ListViewModel.swift */ = {isa = PBXFileReference; fileEncoding = 4; lastKnownFileType = sourcecode.swift; path = ListViewModel.swift; sourceTree = "<group>"; };
		4405DAC020CF2CEB0029632E /* ParsableManagedObjectExtension.swift */ = {isa = PBXFileReference; fileEncoding = 4; lastKnownFileType = sourcecode.swift; path = ParsableManagedObjectExtension.swift; sourceTree = "<group>"; };
		4405DAC220CF2CEB0029632E /* NetworkService.swift */ = {isa = PBXFileReference; fileEncoding = 4; lastKnownFileType = sourcecode.swift; path = NetworkService.swift; sourceTree = "<group>"; };
		4405DAC420CF2CEB0029632E /* ManagedObjectType.swift */ = {isa = PBXFileReference; fileEncoding = 4; lastKnownFileType = sourcecode.swift; path = ManagedObjectType.swift; sourceTree = "<group>"; };
		4405DAC520CF2CEB0029632E /* Parsable.swift */ = {isa = PBXFileReference; fileEncoding = 4; lastKnownFileType = sourcecode.swift; path = Parsable.swift; sourceTree = "<group>"; };
		4405DAC620CF2CEB0029632E /* ModelType.swift */ = {isa = PBXFileReference; fileEncoding = 4; lastKnownFileType = sourcecode.swift; path = ModelType.swift; sourceTree = "<group>"; };
		4405DAC720CF2CEB0029632E /* QueryInfoType.swift */ = {isa = PBXFileReference; fileEncoding = 4; lastKnownFileType = sourcecode.swift; path = QueryInfoType.swift; sourceTree = "<group>"; };
		4405DAC820CF2CEB0029632E /* CachePolicy.swift */ = {isa = PBXFileReference; fileEncoding = 4; lastKnownFileType = sourcecode.swift; path = CachePolicy.swift; sourceTree = "<group>"; };
		4405DAC920CF2CEB0029632E /* Array+Dict.swift */ = {isa = PBXFileReference; fileEncoding = 4; lastKnownFileType = sourcecode.swift; path = "Array+Dict.swift"; sourceTree = "<group>"; };
		4405DACA20CF2CEB0029632E /* ServiceError.swift */ = {isa = PBXFileReference; fileEncoding = 4; lastKnownFileType = sourcecode.swift; path = ServiceError.swift; sourceTree = "<group>"; };
		4405DACC20CF2CEB0029632E /* LocalService.swift */ = {isa = PBXFileReference; fileEncoding = 4; lastKnownFileType = sourcecode.swift; path = LocalService.swift; sourceTree = "<group>"; };
		4405DACE20CF2CEB0029632E /* CollectionViewDataSource.swift */ = {isa = PBXFileReference; fileEncoding = 4; lastKnownFileType = sourcecode.swift; path = CollectionViewDataSource.swift; sourceTree = "<group>"; };
		4405DACF20CF2CEB0029632E /* TableViewDataSource.swift */ = {isa = PBXFileReference; fileEncoding = 4; lastKnownFileType = sourcecode.swift; path = TableViewDataSource.swift; sourceTree = "<group>"; };
		4405DADF20CF2D580029632E /* ReleasesService.swift */ = {isa = PBXFileReference; fileEncoding = 4; lastKnownFileType = sourcecode.swift; path = ReleasesService.swift; sourceTree = "<group>"; };
		4405DAE020CF2D580029632E /* NetworkServiceQueryType+Default.swift */ = {isa = PBXFileReference; fileEncoding = 4; lastKnownFileType = sourcecode.swift; path = "NetworkServiceQueryType+Default.swift"; sourceTree = "<group>"; };
		448A979620C6B9020004667E /* love-of-music.app */ = {isa = PBXFileReference; explicitFileType = wrapper.application; includeInIndex = 0; path = "love-of-music.app"; sourceTree = BUILT_PRODUCTS_DIR; };
		448A979920C6B9020004667E /* AppDelegate.swift */ = {isa = PBXFileReference; lastKnownFileType = sourcecode.swift; path = AppDelegate.swift; sourceTree = "<group>"; };
		448A979B20C6B9030004667E /* ViewController.swift */ = {isa = PBXFileReference; lastKnownFileType = sourcecode.swift; path = ViewController.swift; sourceTree = "<group>"; };
		448A979E20C6B9030004667E /* Base */ = {isa = PBXFileReference; lastKnownFileType = file.storyboard; name = Base; path = Base.lproj/Main.storyboard; sourceTree = "<group>"; };
		448A97A020C6B9050004667E /* Assets.xcassets */ = {isa = PBXFileReference; lastKnownFileType = folder.assetcatalog; path = Assets.xcassets; sourceTree = "<group>"; };
		448A97A320C6B9050004667E /* Base */ = {isa = PBXFileReference; lastKnownFileType = file.storyboard; name = Base; path = Base.lproj/LaunchScreen.storyboard; sourceTree = "<group>"; };
		448A97A520C6B9050004667E /* Info.plist */ = {isa = PBXFileReference; lastKnownFileType = text.plist.xml; path = Info.plist; sourceTree = "<group>"; };
		448A97CD20C6BB2C0004667E /* CoreDataHelper.swift */ = {isa = PBXFileReference; fileEncoding = 4; lastKnownFileType = sourcecode.swift; path = CoreDataHelper.swift; sourceTree = "<group>"; };
		448A97CE20C6BB2C0004667E /* CoreDataStore.swift */ = {isa = PBXFileReference; fileEncoding = 4; lastKnownFileType = sourcecode.swift; path = CoreDataStore.swift; sourceTree = "<group>"; };
		448A97D220C6C05A0004667E /* ReleasesEntity.swift */ = {isa = PBXFileReference; lastKnownFileType = sourcecode.swift; path = ReleasesEntity.swift; sourceTree = "<group>"; };
		448A97D420C7D01D0004667E /* ReleasesPageEntity.swift */ = {isa = PBXFileReference; lastKnownFileType = sourcecode.swift; path = ReleasesPageEntity.swift; sourceTree = "<group>"; };
		44D16C4220C8248700F7845F /* CoreDataModel.xcdatamodel */ = {isa = PBXFileReference; lastKnownFileType = wrapper.xcdatamodel; path = CoreDataModel.xcdatamodel; sourceTree = "<group>"; };
/* End PBXFileReference section */

/* Begin PBXFrameworksBuildPhase section */
		448A979320C6B9020004667E /* Frameworks */ = {
			isa = PBXFrameworksBuildPhase;
			buildActionMask = 2147483647;
			files = (
			);
			runOnlyForDeploymentPostprocessing = 0;
		};
/* End PBXFrameworksBuildPhase section */

/* Begin PBXGroup section */
		4405DAAD20CF164A0029632E /* Releases */ = {
			isa = PBXGroup;
			children = (
				4405DAAB20CF15600029632E /* ViewControllerViewModel.swift */,
				448A979B20C6B9030004667E /* ViewController.swift */,
				4405DAB020CF20500029632E /* ReleasesCellViewModel.swift */,
				4405DAB620CF27450029632E /* DefaultTableViewCell.swift */,
			);
			path = Releases;
			sourceTree = "<group>";
		};
		4405DAB820CF2A590029632E /* Common */ = {
			isa = PBXGroup;
			children = (
				4405DABA20CF2AC10029632E /* SimpleReactive */,
			);
			path = Common;
			sourceTree = "<group>";
		};
		4405DAB920CF2A780029632E /* ServiceLayerSDK */ = {
			isa = PBXGroup;
			children = (
				4405DAC120CF2CEB0029632E /* ServiceLayerSDK */,
				4405DACD20CF2CEB0029632E /* ServiceLayerSDK+Cocoa */,
				4405DABD20CF2CEB0029632E /* ServiceLayerSDK+CoreData */,
			);
			path = ServiceLayerSDK;
			sourceTree = "<group>";
		};
		4405DABA20CF2AC10029632E /* SimpleReactive */ = {
			isa = PBXGroup;
			children = (
				4405DABB20CF2ADA0029632E /* Property.swift */,
			);
			path = SimpleReactive;
			sourceTree = "<group>";
		};
		4405DABD20CF2CEB0029632E /* ServiceLayerSDK+CoreData */ = {
			isa = PBXGroup;
			children = (
				4405DABE20CF2CEB0029632E /* FetchResult.swift */,
				4405DABF20CF2CEB0029632E /* ListViewModel.swift */,
				4405DAC020CF2CEB0029632E /* ParsableManagedObjectExtension.swift */,
			);
			name = "ServiceLayerSDK+CoreData";
			path = "love-of-music/ServiceLayerSDK/ServiceLayerSDK+CoreData";
			sourceTree = SOURCE_ROOT;
		};
		4405DAC120CF2CEB0029632E /* ServiceLayerSDK */ = {
			isa = PBXGroup;
			children = (
				4405DAC320CF2CEB0029632E /* Common */,
				4405DAC220CF2CEB0029632E /* NetworkService.swift */,
				4405DACC20CF2CEB0029632E /* LocalService.swift */,
				4405DACA20CF2CEB0029632E /* ServiceError.swift */,
			);
			name = ServiceLayerSDK;
			path = "love-of-music/ServiceLayerSDK/ServiceLayerSDK";
			sourceTree = SOURCE_ROOT;
		};
		4405DAC320CF2CEB0029632E /* Common */ = {
			isa = PBXGroup;
			children = (
				4405DAC420CF2CEB0029632E /* ManagedObjectType.swift */,
				4405DAC520CF2CEB0029632E /* Parsable.swift */,
				4405DAC620CF2CEB0029632E /* ModelType.swift */,
				4405DAC720CF2CEB0029632E /* QueryInfoType.swift */,
				4405DAC820CF2CEB0029632E /* CachePolicy.swift */,
				4405DAC920CF2CEB0029632E /* Array+Dict.swift */,
			);
			path = Common;
			sourceTree = "<group>";
		};
		4405DACD20CF2CEB0029632E /* ServiceLayerSDK+Cocoa */ = {
			isa = PBXGroup;
			children = (
				4405DACE20CF2CEB0029632E /* CollectionViewDataSource.swift */,
				4405DACF20CF2CEB0029632E /* TableViewDataSource.swift */,
			);
			name = "ServiceLayerSDK+Cocoa";
			path = "love-of-music/ServiceLayerSDK/ServiceLayerSDK+Cocoa";
			sourceTree = SOURCE_ROOT;
		};
		4405DADE20CF2D580029632E /* ServiceLayer */ = {
			isa = PBXGroup;
			children = (
				4405DADF20CF2D580029632E /* ReleasesService.swift */,
				4405DAE020CF2D580029632E /* NetworkServiceQueryType+Default.swift */,
			);
			path = ServiceLayer;
			sourceTree = "<group>";
		};
		448A978D20C6B9020004667E = {
			isa = PBXGroup;
			children = (
				448A979820C6B9020004667E /* love-of-music */,
				448A979720C6B9020004667E /* Products */,
			);
			sourceTree = "<group>";
		};
		448A979720C6B9020004667E /* Products */ = {
			isa = PBXGroup;
			children = (
				448A979620C6B9020004667E /* love-of-music.app */,
			);
			name = Products;
			sourceTree = "<group>";
		};
		448A979820C6B9020004667E /* love-of-music */ = {
			isa = PBXGroup;
			children = (
				4405DAB820CF2A590029632E /* Common */,
				4405DAB920CF2A780029632E /* ServiceLayerSDK */,
				448A97CC20C6BB2C0004667E /* CoreData */,
				448A97D120C6C0210004667E /* Models */,
				4405DADE20CF2D580029632E /* ServiceLayer */,
				4405DAAD20CF164A0029632E /* Releases */,
				448A979920C6B9020004667E /* AppDelegate.swift */,
				448A979D20C6B9030004667E /* Main.storyboard */,
				448A97A020C6B9050004667E /* Assets.xcassets */,
				448A97A220C6B9050004667E /* LaunchScreen.storyboard */,
				448A97A520C6B9050004667E /* Info.plist */,
			);
			path = "love-of-music";
			sourceTree = "<group>";
		};
		448A97CC20C6BB2C0004667E /* CoreData */ = {
			isa = PBXGroup;
			children = (
				448A97CD20C6BB2C0004667E /* CoreDataHelper.swift */,
				448A97CE20C6BB2C0004667E /* CoreDataStore.swift */,
			);
			path = CoreData;
			sourceTree = "<group>";
		};
		448A97D120C6C0210004667E /* Models */ = {
			isa = PBXGroup;
			children = (
				448A97D220C6C05A0004667E /* ReleasesEntity.swift */,
				448A97D420C7D01D0004667E /* ReleasesPageEntity.swift */,
				44D16C4120C8248700F7845F /* CoreDataModel.xcdatamodeld */,
			);
			path = Models;
			sourceTree = "<group>";
		};
/* End PBXGroup section */

/* Begin PBXNativeTarget section */
		448A979520C6B9020004667E /* love-of-music */ = {
			isa = PBXNativeTarget;
			buildConfigurationList = 448A97A820C6B9050004667E /* Build configuration list for PBXNativeTarget "love-of-music" */;
			buildPhases = (
				448A979220C6B9020004667E /* Sources */,
				448A979320C6B9020004667E /* Frameworks */,
				448A979420C6B9020004667E /* Resources */,
			);
			buildRules = (
			);
			dependencies = (
			);
			name = "love-of-music";
			productName = "love-of-music";
			productReference = 448A979620C6B9020004667E /* love-of-music.app */;
			productType = "com.apple.product-type.application";
		};
/* End PBXNativeTarget section */

/* Begin PBXProject section */
		448A978E20C6B9020004667E /* Project object */ = {
			isa = PBXProject;
			attributes = {
				LastSwiftUpdateCheck = 0930;
				LastUpgradeCheck = 0930;
				ORGANIZATIONNAME = "Ruslan Maslouski";
				TargetAttributes = {
					448A979520C6B9020004667E = {
						CreatedOnToolsVersion = 9.3;
					};
				};
			};
			buildConfigurationList = 448A979120C6B9020004667E /* Build configuration list for PBXProject "love-of-music" */;
			compatibilityVersion = "Xcode 9.3";
			developmentRegion = en;
			hasScannedForEncodings = 0;
			knownRegions = (
				en,
				Base,
			);
			mainGroup = 448A978D20C6B9020004667E;
			productRefGroup = 448A979720C6B9020004667E /* Products */;
			projectDirPath = "";
			projectRoot = "";
			targets = (
				448A979520C6B9020004667E /* love-of-music */,
			);
		};
/* End PBXProject section */

/* Begin PBXResourcesBuildPhase section */
		448A979420C6B9020004667E /* Resources */ = {
			isa = PBXResourcesBuildPhase;
			buildActionMask = 2147483647;
			files = (
				448A97A420C6B9050004667E /* LaunchScreen.storyboard in Resources */,
				448A97A120C6B9050004667E /* Assets.xcassets in Resources */,
				448A979F20C6B9030004667E /* Main.storyboard in Resources */,
			);
			runOnlyForDeploymentPostprocessing = 0;
		};
/* End PBXResourcesBuildPhase section */

/* Begin PBXSourcesBuildPhase section */
		448A979220C6B9020004667E /* Sources */ = {
			isa = PBXSourcesBuildPhase;
			buildActionMask = 2147483647;
			files = (
				4405DAE220CF2D580029632E /* NetworkServiceQueryType+Default.swift in Sources */,
				4405DADD20CF2CEB0029632E /* TableViewDataSource.swift in Sources */,
				4405DADA20CF2CEB0029632E /* ServiceError.swift in Sources */,
				4405DABC20CF2ADA0029632E /* Property.swift in Sources */,
				4405DAD620CF2CEB0029632E /* ModelType.swift in Sources */,
				4405DADB20CF2CEB0029632E /* LocalService.swift in Sources */,
				448A97D020C6BB2D0004667E /* CoreDataStore.swift in Sources */,
				448A979C20C6B9030004667E /* ViewController.swift in Sources */,
				4405DAD720CF2CEB0029632E /* QueryInfoType.swift in Sources */,
				44D16C4320C8248700F7845F /* CoreDataModel.xcdatamodeld in Sources */,
				4405DAD320CF2CEB0029632E /* NetworkService.swift in Sources */,
				4405DAD120CF2CEB0029632E /* ListViewModel.swift in Sources */,
				4405DAB120CF20500029632E /* ReleasesCellViewModel.swift in Sources */,
				448A97D520C7D01D0004667E /* ReleasesPageEntity.swift in Sources */,
				4405DAD020CF2CEB0029632E /* FetchResult.swift in Sources */,
				448A97CF20C6BB2D0004667E /* CoreDataHelper.swift in Sources */,
				4405DAD520CF2CEB0029632E /* Parsable.swift in Sources */,
				4405DAD220CF2CEB0029632E /* ParsableManagedObjectExtension.swift in Sources */,
				4405DAD420CF2CEB0029632E /* ManagedObjectType.swift in Sources */,
				4405DAD820CF2CEB0029632E /* CachePolicy.swift in Sources */,
				448A97D320C6C05A0004667E /* ReleasesEntity.swift in Sources */,
				4405DAE120CF2D580029632E /* ReleasesService.swift in Sources */,
				4405DAD920CF2CEB0029632E /* Array+Dict.swift in Sources */,
				4405DADC20CF2CEB0029632E /* CollectionViewDataSource.swift in Sources */,
				448A979A20C6B9020004667E /* AppDelegate.swift in Sources */,
				4405DAB720CF27450029632E /* DefaultTableViewCell.swift in Sources */,
				4405DAAC20CF15600029632E /* ViewControllerViewModel.swift in Sources */,
			);
			runOnlyForDeploymentPostprocessing = 0;
		};
/* End PBXSourcesBuildPhase section */

/* Begin PBXVariantGroup section */
		448A979D20C6B9030004667E /* Main.storyboard */ = {
			isa = PBXVariantGroup;
			children = (
				448A979E20C6B9030004667E /* Base */,
			);
			name = Main.storyboard;
			sourceTree = "<group>";
		};
		448A97A220C6B9050004667E /* LaunchScreen.storyboard */ = {
			isa = PBXVariantGroup;
			children = (
				448A97A320C6B9050004667E /* Base */,
			);
			name = LaunchScreen.storyboard;
			sourceTree = "<group>";
		};
/* End PBXVariantGroup section */

/* Begin XCBuildConfiguration section */
		448A97A620C6B9050004667E /* Debug */ = {
			isa = XCBuildConfiguration;
			buildSettings = {
				ALWAYS_SEARCH_USER_PATHS = NO;
				CLANG_ANALYZER_NONNULL = YES;
				CLANG_ANALYZER_NUMBER_OBJECT_CONVERSION = YES_AGGRESSIVE;
				CLANG_CXX_LANGUAGE_STANDARD = "gnu++14";
				CLANG_CXX_LIBRARY = "libc++";
				CLANG_ENABLE_MODULES = YES;
				CLANG_ENABLE_OBJC_ARC = YES;
				CLANG_ENABLE_OBJC_WEAK = YES;
				CLANG_WARN_BLOCK_CAPTURE_AUTORELEASING = YES;
				CLANG_WARN_BOOL_CONVERSION = YES;
				CLANG_WARN_COMMA = YES;
				CLANG_WARN_CONSTANT_CONVERSION = YES;
				CLANG_WARN_DEPRECATED_OBJC_IMPLEMENTATIONS = YES;
				CLANG_WARN_DIRECT_OBJC_ISA_USAGE = YES_ERROR;
				CLANG_WARN_DOCUMENTATION_COMMENTS = YES;
				CLANG_WARN_EMPTY_BODY = YES;
				CLANG_WARN_ENUM_CONVERSION = YES;
				CLANG_WARN_INFINITE_RECURSION = YES;
				CLANG_WARN_INT_CONVERSION = YES;
				CLANG_WARN_NON_LITERAL_NULL_CONVERSION = YES;
				CLANG_WARN_OBJC_IMPLICIT_RETAIN_SELF = YES;
				CLANG_WARN_OBJC_LITERAL_CONVERSION = YES;
				CLANG_WARN_OBJC_ROOT_CLASS = YES_ERROR;
				CLANG_WARN_RANGE_LOOP_ANALYSIS = YES;
				CLANG_WARN_STRICT_PROTOTYPES = YES;
				CLANG_WARN_SUSPICIOUS_MOVE = YES;
				CLANG_WARN_UNGUARDED_AVAILABILITY = YES_AGGRESSIVE;
				CLANG_WARN_UNREACHABLE_CODE = YES;
				CLANG_WARN__DUPLICATE_METHOD_MATCH = YES;
				CODE_SIGN_IDENTITY = "iPhone Developer";
				COPY_PHASE_STRIP = NO;
				DEBUG_INFORMATION_FORMAT = dwarf;
				ENABLE_STRICT_OBJC_MSGSEND = YES;
				ENABLE_TESTABILITY = YES;
				GCC_C_LANGUAGE_STANDARD = gnu11;
				GCC_DYNAMIC_NO_PIC = NO;
				GCC_NO_COMMON_BLOCKS = YES;
				GCC_OPTIMIZATION_LEVEL = 0;
				GCC_PREPROCESSOR_DEFINITIONS = (
					"DEBUG=1",
					"$(inherited)",
				);
				GCC_WARN_64_TO_32_BIT_CONVERSION = YES;
				GCC_WARN_ABOUT_RETURN_TYPE = YES_ERROR;
				GCC_WARN_UNDECLARED_SELECTOR = YES;
				GCC_WARN_UNINITIALIZED_AUTOS = YES_AGGRESSIVE;
				GCC_WARN_UNUSED_FUNCTION = YES;
				GCC_WARN_UNUSED_VARIABLE = YES;
				IPHONEOS_DEPLOYMENT_TARGET = 11.3;
				MTL_ENABLE_DEBUG_INFO = YES;
				ONLY_ACTIVE_ARCH = YES;
				SDKROOT = iphoneos;
				SWIFT_ACTIVE_COMPILATION_CONDITIONS = DEBUG;
				SWIFT_OPTIMIZATION_LEVEL = "-Onone";
			};
			name = Debug;
		};
		448A97A720C6B9050004667E /* Release */ = {
			isa = XCBuildConfiguration;
			buildSettings = {
				ALWAYS_SEARCH_USER_PATHS = NO;
				CLANG_ANALYZER_NONNULL = YES;
				CLANG_ANALYZER_NUMBER_OBJECT_CONVERSION = YES_AGGRESSIVE;
				CLANG_CXX_LANGUAGE_STANDARD = "gnu++14";
				CLANG_CXX_LIBRARY = "libc++";
				CLANG_ENABLE_MODULES = YES;
				CLANG_ENABLE_OBJC_ARC = YES;
				CLANG_ENABLE_OBJC_WEAK = YES;
				CLANG_WARN_BLOCK_CAPTURE_AUTORELEASING = YES;
				CLANG_WARN_BOOL_CONVERSION = YES;
				CLANG_WARN_COMMA = YES;
				CLANG_WARN_CONSTANT_CONVERSION = YES;
				CLANG_WARN_DEPRECATED_OBJC_IMPLEMENTATIONS = YES;
				CLANG_WARN_DIRECT_OBJC_ISA_USAGE = YES_ERROR;
				CLANG_WARN_DOCUMENTATION_COMMENTS = YES;
				CLANG_WARN_EMPTY_BODY = YES;
				CLANG_WARN_ENUM_CONVERSION = YES;
				CLANG_WARN_INFINITE_RECURSION = YES;
				CLANG_WARN_INT_CONVERSION = YES;
				CLANG_WARN_NON_LITERAL_NULL_CONVERSION = YES;
				CLANG_WARN_OBJC_IMPLICIT_RETAIN_SELF = YES;
				CLANG_WARN_OBJC_LITERAL_CONVERSION = YES;
				CLANG_WARN_OBJC_ROOT_CLASS = YES_ERROR;
				CLANG_WARN_RANGE_LOOP_ANALYSIS = YES;
				CLANG_WARN_STRICT_PROTOTYPES = YES;
				CLANG_WARN_SUSPICIOUS_MOVE = YES;
				CLANG_WARN_UNGUARDED_AVAILABILITY = YES_AGGRESSIVE;
				CLANG_WARN_UNREACHABLE_CODE = YES;
				CLANG_WARN__DUPLICATE_METHOD_MATCH = YES;
				CODE_SIGN_IDENTITY = "iPhone Developer";
				COPY_PHASE_STRIP = NO;
				DEBUG_INFORMATION_FORMAT = "dwarf-with-dsym";
				ENABLE_NS_ASSERTIONS = NO;
				ENABLE_STRICT_OBJC_MSGSEND = YES;
				GCC_C_LANGUAGE_STANDARD = gnu11;
				GCC_NO_COMMON_BLOCKS = YES;
				GCC_WARN_64_TO_32_BIT_CONVERSION = YES;
				GCC_WARN_ABOUT_RETURN_TYPE = YES_ERROR;
				GCC_WARN_UNDECLARED_SELECTOR = YES;
				GCC_WARN_UNINITIALIZED_AUTOS = YES_AGGRESSIVE;
				GCC_WARN_UNUSED_FUNCTION = YES;
				GCC_WARN_UNUSED_VARIABLE = YES;
				IPHONEOS_DEPLOYMENT_TARGET = 11.3;
				MTL_ENABLE_DEBUG_INFO = NO;
				SDKROOT = iphoneos;
				SWIFT_COMPILATION_MODE = wholemodule;
				SWIFT_OPTIMIZATION_LEVEL = "-O";
				VALIDATE_PRODUCT = YES;
			};
			name = Release;
		};
		448A97A920C6B9050004667E /* Debug */ = {
			isa = XCBuildConfiguration;
			buildSettings = {
				ASSETCATALOG_COMPILER_APPICON_NAME = AppIcon;
				CODE_SIGN_STYLE = Automatic;
				DEVELOPMENT_TEAM = E7DAAV478D;
				INFOPLIST_FILE = "love-of-music/Info.plist";
				IPHONEOS_DEPLOYMENT_TARGET = 10.0;
				LD_RUNPATH_SEARCH_PATHS = (
					"$(inherited)",
					"@executable_path/Frameworks",
				);
				PRODUCT_BUNDLE_IDENTIFIER = "Home.love-of-music";
				PRODUCT_NAME = "$(TARGET_NAME)";
				SWIFT_VERSION = 4.0;
				TARGETED_DEVICE_FAMILY = "1,2";
			};
			name = Debug;
		};
		448A97AA20C6B9050004667E /* Release */ = {
			isa = XCBuildConfiguration;
			buildSettings = {
				ASSETCATALOG_COMPILER_APPICON_NAME = AppIcon;
				CODE_SIGN_STYLE = Automatic;
				DEVELOPMENT_TEAM = E7DAAV478D;
				INFOPLIST_FILE = "love-of-music/Info.plist";
				IPHONEOS_DEPLOYMENT_TARGET = 10.0;
				LD_RUNPATH_SEARCH_PATHS = (
					"$(inherited)",
					"@executable_path/Frameworks",
				);
				PRODUCT_BUNDLE_IDENTIFIER = "Home.love-of-music";
				PRODUCT_NAME = "$(TARGET_NAME)";
				SWIFT_VERSION = 4.0;
				TARGETED_DEVICE_FAMILY = "1,2";
			};
			name = Release;
		};
/* End XCBuildConfiguration section */

/* Begin XCConfigurationList section */
		448A979120C6B9020004667E /* Build configuration list for PBXProject "love-of-music" */ = {
			isa = XCConfigurationList;
			buildConfigurations = (
				448A97A620C6B9050004667E /* Debug */,
				448A97A720C6B9050004667E /* Release */,
			);
			defaultConfigurationIsVisible = 0;
			defaultConfigurationName = Release;
		};
		448A97A820C6B9050004667E /* Build configuration list for PBXNativeTarget "love-of-music" */ = {
			isa = XCConfigurationList;
			buildConfigurations = (
				448A97A920C6B9050004667E /* Debug */,
				448A97AA20C6B9050004667E /* Release */,
			);
			defaultConfigurationIsVisible = 0;
			defaultConfigurationName = Release;
		};
/* End XCConfigurationList section */

/* Begin XCVersionGroup section */
		44D16C4120C8248700F7845F /* CoreDataModel.xcdatamodeld */ = {
			isa = XCVersionGroup;
			children = (
				44D16C4220C8248700F7845F /* CoreDataModel.xcdatamodel */,
			);
			currentVersion = 44D16C4220C8248700F7845F /* CoreDataModel.xcdatamodel */;
			path = CoreDataModel.xcdatamodeld;
			sourceTree = "<group>";
			versionGroupType = wrapper.xcdatamodel;
		};
/* End XCVersionGroup section */
	};
	rootObject = 448A978E20C6B9020004667E /* Project object */;
}
