// !$*UTF8*$!
{
	archiveVersion = 1;
	classes = {
	};
	objectVersion = 50;
	objects = {

/* Begin PBXBuildFile section */
		448A979A20C6B9020004667E /* AppDelegate.swift in Sources */ = {isa = PBXBuildFile; fileRef = 448A979920C6B9020004667E /* AppDelegate.swift */; };
		448A979C20C6B9030004667E /* ViewController.swift in Sources */ = {isa = PBXBuildFile; fileRef = 448A979B20C6B9030004667E /* ViewController.swift */; };
		448A979F20C6B9030004667E /* Main.storyboard in Resources */ = {isa = PBXBuildFile; fileRef = 448A979D20C6B9030004667E /* Main.storyboard */; };
		448A97A120C6B9050004667E /* Assets.xcassets in Resources */ = {isa = PBXBuildFile; fileRef = 448A97A020C6B9050004667E /* Assets.xcassets */; };
		448A97A420C6B9050004667E /* LaunchScreen.storyboard in Resources */ = {isa = PBXBuildFile; fileRef = 448A97A220C6B9050004667E /* LaunchScreen.storyboard */; };
		448A97BE20C6B9480004667E /* FetchResult.swift in Sources */ = {isa = PBXBuildFile; fileRef = 448A97AC20C6B9480004667E /* FetchResult.swift */; };
		448A97BF20C6B9480004667E /* NetworkService.swift in Sources */ = {isa = PBXBuildFile; fileRef = 448A97AD20C6B9480004667E /* NetworkService.swift */; };
		448A97C020C6B9480004667E /* ManagedObjectType.swift in Sources */ = {isa = PBXBuildFile; fileRef = 448A97AF20C6B9480004667E /* ManagedObjectType.swift */; };
		448A97C120C6B9480004667E /* Parsable.swift in Sources */ = {isa = PBXBuildFile; fileRef = 448A97B020C6B9480004667E /* Parsable.swift */; };
		448A97C220C6B9480004667E /* ModelType.swift in Sources */ = {isa = PBXBuildFile; fileRef = 448A97B120C6B9480004667E /* ModelType.swift */; };
		448A97C320C6B9480004667E /* QueryInfoType.swift in Sources */ = {isa = PBXBuildFile; fileRef = 448A97B220C6B9480004667E /* QueryInfoType.swift */; };
		448A97C420C6B9480004667E /* CachePolicy.swift in Sources */ = {isa = PBXBuildFile; fileRef = 448A97B320C6B9480004667E /* CachePolicy.swift */; };
		448A97C520C6B9480004667E /* Array+Dict.swift in Sources */ = {isa = PBXBuildFile; fileRef = 448A97B420C6B9480004667E /* Array+Dict.swift */; };
		448A97C620C6B9480004667E /* ServiceError.swift in Sources */ = {isa = PBXBuildFile; fileRef = 448A97B520C6B9480004667E /* ServiceError.swift */; };
		448A97C720C6B9480004667E /* TableViewDataSource.swift in Sources */ = {isa = PBXBuildFile; fileRef = 448A97B720C6B9480004667E /* TableViewDataSource.swift */; };
		448A97C820C6B9480004667E /* LocalService.swift in Sources */ = {isa = PBXBuildFile; fileRef = 448A97B820C6B9480004667E /* LocalService.swift */; };
		448A97C920C6B9480004667E /* TeachersService.swift in Sources */ = {isa = PBXBuildFile; fileRef = 448A97BA20C6B9480004667E /* TeachersService.swift */; };
		448A97CA20C6B9480004667E /* NetworkServiceQueryType+Default.swift in Sources */ = {isa = PBXBuildFile; fileRef = 448A97BB20C6B9480004667E /* NetworkServiceQueryType+Default.swift */; };
		448A97CB20C6B9480004667E /* ParsableManagedObjectExtension.swift in Sources */ = {isa = PBXBuildFile; fileRef = 448A97BD20C6B9480004667E /* ParsableManagedObjectExtension.swift */; };
		448A97CF20C6BB2D0004667E /* CoreDataHelper.swift in Sources */ = {isa = PBXBuildFile; fileRef = 448A97CD20C6BB2C0004667E /* CoreDataHelper.swift */; };
		448A97D020C6BB2D0004667E /* CoreDataStore.swift in Sources */ = {isa = PBXBuildFile; fileRef = 448A97CE20C6BB2C0004667E /* CoreDataStore.swift */; };
		448A97D320C6C05A0004667E /* ReleasesEntity.swift in Sources */ = {isa = PBXBuildFile; fileRef = 448A97D220C6C05A0004667E /* ReleasesEntity.swift */; };
		448A97D520C7D01D0004667E /* ReleasesPageEntity.swift in Sources */ = {isa = PBXBuildFile; fileRef = 448A97D420C7D01D0004667E /* ReleasesPageEntity.swift */; };
/* End PBXBuildFile section */

/* Begin PBXFileReference section */
		448A979620C6B9020004667E /* love-of-music.app */ = {isa = PBXFileReference; explicitFileType = wrapper.application; includeInIndex = 0; path = "love-of-music.app"; sourceTree = BUILT_PRODUCTS_DIR; };
		448A979920C6B9020004667E /* AppDelegate.swift */ = {isa = PBXFileReference; lastKnownFileType = sourcecode.swift; path = AppDelegate.swift; sourceTree = "<group>"; };
		448A979B20C6B9030004667E /* ViewController.swift */ = {isa = PBXFileReference; lastKnownFileType = sourcecode.swift; path = ViewController.swift; sourceTree = "<group>"; };
		448A979E20C6B9030004667E /* Base */ = {isa = PBXFileReference; lastKnownFileType = file.storyboard; name = Base; path = Base.lproj/Main.storyboard; sourceTree = "<group>"; };
		448A97A020C6B9050004667E /* Assets.xcassets */ = {isa = PBXFileReference; lastKnownFileType = folder.assetcatalog; path = Assets.xcassets; sourceTree = "<group>"; };
		448A97A320C6B9050004667E /* Base */ = {isa = PBXFileReference; lastKnownFileType = file.storyboard; name = Base; path = Base.lproj/LaunchScreen.storyboard; sourceTree = "<group>"; };
		448A97A520C6B9050004667E /* Info.plist */ = {isa = PBXFileReference; lastKnownFileType = text.plist.xml; path = Info.plist; sourceTree = "<group>"; };
		448A97AC20C6B9480004667E /* FetchResult.swift */ = {isa = PBXFileReference; fileEncoding = 4; lastKnownFileType = sourcecode.swift; path = FetchResult.swift; sourceTree = "<group>"; };
		448A97AD20C6B9480004667E /* NetworkService.swift */ = {isa = PBXFileReference; fileEncoding = 4; lastKnownFileType = sourcecode.swift; path = NetworkService.swift; sourceTree = "<group>"; };
		448A97AF20C6B9480004667E /* ManagedObjectType.swift */ = {isa = PBXFileReference; fileEncoding = 4; lastKnownFileType = sourcecode.swift; path = ManagedObjectType.swift; sourceTree = "<group>"; };
		448A97B020C6B9480004667E /* Parsable.swift */ = {isa = PBXFileReference; fileEncoding = 4; lastKnownFileType = sourcecode.swift; path = Parsable.swift; sourceTree = "<group>"; };
		448A97B120C6B9480004667E /* ModelType.swift */ = {isa = PBXFileReference; fileEncoding = 4; lastKnownFileType = sourcecode.swift; path = ModelType.swift; sourceTree = "<group>"; };
		448A97B220C6B9480004667E /* QueryInfoType.swift */ = {isa = PBXFileReference; fileEncoding = 4; lastKnownFileType = sourcecode.swift; path = QueryInfoType.swift; sourceTree = "<group>"; };
		448A97B320C6B9480004667E /* CachePolicy.swift */ = {isa = PBXFileReference; fileEncoding = 4; lastKnownFileType = sourcecode.swift; path = CachePolicy.swift; sourceTree = "<group>"; };
		448A97B420C6B9480004667E /* Array+Dict.swift */ = {isa = PBXFileReference; fileEncoding = 4; lastKnownFileType = sourcecode.swift; path = "Array+Dict.swift"; sourceTree = "<group>"; };
		448A97B520C6B9480004667E /* ServiceError.swift */ = {isa = PBXFileReference; fileEncoding = 4; lastKnownFileType = sourcecode.swift; path = ServiceError.swift; sourceTree = "<group>"; };
		448A97B720C6B9480004667E /* TableViewDataSource.swift */ = {isa = PBXFileReference; fileEncoding = 4; lastKnownFileType = sourcecode.swift; path = TableViewDataSource.swift; sourceTree = "<group>"; };
		448A97B820C6B9480004667E /* LocalService.swift */ = {isa = PBXFileReference; fileEncoding = 4; lastKnownFileType = sourcecode.swift; path = LocalService.swift; sourceTree = "<group>"; };
		448A97BA20C6B9480004667E /* TeachersService.swift */ = {isa = PBXFileReference; fileEncoding = 4; lastKnownFileType = sourcecode.swift; path = TeachersService.swift; sourceTree = "<group>"; };
		448A97BB20C6B9480004667E /* NetworkServiceQueryType+Default.swift */ = {isa = PBXFileReference; fileEncoding = 4; lastKnownFileType = sourcecode.swift; path = "NetworkServiceQueryType+Default.swift"; sourceTree = "<group>"; };
		448A97BD20C6B9480004667E /* ParsableManagedObjectExtension.swift */ = {isa = PBXFileReference; fileEncoding = 4; lastKnownFileType = sourcecode.swift; path = ParsableManagedObjectExtension.swift; sourceTree = "<group>"; };
		448A97CD20C6BB2C0004667E /* CoreDataHelper.swift */ = {isa = PBXFileReference; fileEncoding = 4; lastKnownFileType = sourcecode.swift; path = CoreDataHelper.swift; sourceTree = "<group>"; };
		448A97CE20C6BB2C0004667E /* CoreDataStore.swift */ = {isa = PBXFileReference; fileEncoding = 4; lastKnownFileType = sourcecode.swift; path = CoreDataStore.swift; sourceTree = "<group>"; };
		448A97D220C6C05A0004667E /* ReleasesEntity.swift */ = {isa = PBXFileReference; lastKnownFileType = sourcecode.swift; path = ReleasesEntity.swift; sourceTree = "<group>"; };
		448A97D420C7D01D0004667E /* ReleasesPageEntity.swift */ = {isa = PBXFileReference; lastKnownFileType = sourcecode.swift; path = ReleasesPageEntity.swift; sourceTree = "<group>"; };
/* End PBXFileReference section */

/* Begin PBXFrameworksBuildPhase section */
		448A979320C6B9020004667E /* Frameworks */ = {
			isa = PBXFrameworksBuildPhase;
			buildActionMask = 2147483647;
			files = (
			);
			runOnlyForDeploymentPostprocessing = 0;
		};
/* End PBXFrameworksBuildPhase section */

/* Begin PBXGroup section */
		448A978D20C6B9020004667E = {
			isa = PBXGroup;
			children = (
				448A979820C6B9020004667E /* love-of-music */,
				448A979720C6B9020004667E /* Products */,
			);
			sourceTree = "<group>";
		};
		448A979720C6B9020004667E /* Products */ = {
			isa = PBXGroup;
			children = (
				448A979620C6B9020004667E /* love-of-music.app */,
			);
			name = Products;
			sourceTree = "<group>";
		};
		448A979820C6B9020004667E /* love-of-music */ = {
			isa = PBXGroup;
			children = (
				448A97AB20C6B9480004667E /* ServiceLayerSDK */,
				448A97BC20C6B9480004667E /* ServiceLayerSDK+CoreData */,
				448A97B920C6B9480004667E /* ServiceLayer */,
				448A97CC20C6BB2C0004667E /* CoreData */,
				448A97D120C6C0210004667E /* Models */,
				448A979920C6B9020004667E /* AppDelegate.swift */,
				448A979B20C6B9030004667E /* ViewController.swift */,
				448A979D20C6B9030004667E /* Main.storyboard */,
				448A97A020C6B9050004667E /* Assets.xcassets */,
				448A97A220C6B9050004667E /* LaunchScreen.storyboard */,
				448A97A520C6B9050004667E /* Info.plist */,
			);
			path = "love-of-music";
			sourceTree = "<group>";
		};
		448A97AB20C6B9480004667E /* ServiceLayerSDK */ = {
			isa = PBXGroup;
			children = (
				448A97B620C6B9480004667E /* Cocoa */,
				448A97AE20C6B9480004667E /* Common */,
				448A97B520C6B9480004667E /* ServiceError.swift */,
				448A97B820C6B9480004667E /* LocalService.swift */,
				448A97AD20C6B9480004667E /* NetworkService.swift */,
			);
			path = ServiceLayerSDK;
			sourceTree = "<group>";
		};
		448A97AE20C6B9480004667E /* Common */ = {
			isa = PBXGroup;
			children = (
				448A97AF20C6B9480004667E /* ManagedObjectType.swift */,
				448A97B020C6B9480004667E /* Parsable.swift */,
				448A97B120C6B9480004667E /* ModelType.swift */,
				448A97B220C6B9480004667E /* QueryInfoType.swift */,
				448A97B320C6B9480004667E /* CachePolicy.swift */,
				448A97B420C6B9480004667E /* Array+Dict.swift */,
			);
			path = Common;
			sourceTree = "<group>";
		};
		448A97B620C6B9480004667E /* Cocoa */ = {
			isa = PBXGroup;
			children = (
				448A97B720C6B9480004667E /* TableViewDataSource.swift */,
			);
			path = Cocoa;
			sourceTree = "<group>";
		};
		448A97B920C6B9480004667E /* ServiceLayer */ = {
			isa = PBXGroup;
			children = (
				448A97AC20C6B9480004667E /* FetchResult.swift */,
				448A97BA20C6B9480004667E /* TeachersService.swift */,
				448A97BB20C6B9480004667E /* NetworkServiceQueryType+Default.swift */,
			);
			path = ServiceLayer;
			sourceTree = "<group>";
		};
		448A97BC20C6B9480004667E /* ServiceLayerSDK+CoreData */ = {
			isa = PBXGroup;
			children = (
				448A97BD20C6B9480004667E /* ParsableManagedObjectExtension.swift */,
			);
			path = "ServiceLayerSDK+CoreData";
			sourceTree = "<group>";
		};
		448A97CC20C6BB2C0004667E /* CoreData */ = {
			isa = PBXGroup;
			children = (
				448A97CD20C6BB2C0004667E /* CoreDataHelper.swift */,
				448A97CE20C6BB2C0004667E /* CoreDataStore.swift */,
			);
			path = CoreData;
			sourceTree = "<group>";
		};
		448A97D120C6C0210004667E /* Models */ = {
			isa = PBXGroup;
			children = (
				448A97D220C6C05A0004667E /* ReleasesEntity.swift */,
				448A97D420C7D01D0004667E /* ReleasesPageEntity.swift */,
			);
			path = Models;
			sourceTree = "<group>";
		};
/* End PBXGroup section */

/* Begin PBXNativeTarget section */
		448A979520C6B9020004667E /* love-of-music */ = {
			isa = PBXNativeTarget;
			buildConfigurationList = 448A97A820C6B9050004667E /* Build configuration list for PBXNativeTarget "love-of-music" */;
			buildPhases = (
				448A979220C6B9020004667E /* Sources */,
				448A979320C6B9020004667E /* Frameworks */,
				448A979420C6B9020004667E /* Resources */,
			);
			buildRules = (
			);
			dependencies = (
			);
			name = "love-of-music";
			productName = "love-of-music";
			productReference = 448A979620C6B9020004667E /* love-of-music.app */;
			productType = "com.apple.product-type.application";
		};
/* End PBXNativeTarget section */

/* Begin PBXProject section */
		448A978E20C6B9020004667E /* Project object */ = {
			isa = PBXProject;
			attributes = {
				LastSwiftUpdateCheck = 0930;
				LastUpgradeCheck = 0930;
				ORGANIZATIONNAME = "Ruslan Maslouski";
				TargetAttributes = {
					448A979520C6B9020004667E = {
						CreatedOnToolsVersion = 9.3;
					};
				};
			};
			buildConfigurationList = 448A979120C6B9020004667E /* Build configuration list for PBXProject "love-of-music" */;
			compatibilityVersion = "Xcode 9.3";
			developmentRegion = en;
			hasScannedForEncodings = 0;
			knownRegions = (
				en,
				Base,
			);
			mainGroup = 448A978D20C6B9020004667E;
			productRefGroup = 448A979720C6B9020004667E /* Products */;
			projectDirPath = "";
			projectRoot = "";
			targets = (
				448A979520C6B9020004667E /* love-of-music */,
			);
		};
/* End PBXProject section */

/* Begin PBXResourcesBuildPhase section */
		448A979420C6B9020004667E /* Resources */ = {
			isa = PBXResourcesBuildPhase;
			buildActionMask = 2147483647;
			files = (
				448A97A420C6B9050004667E /* LaunchScreen.storyboard in Resources */,
				448A97A120C6B9050004667E /* Assets.xcassets in Resources */,
				448A979F20C6B9030004667E /* Main.storyboard in Resources */,
			);
			runOnlyForDeploymentPostprocessing = 0;
		};
/* End PBXResourcesBuildPhase section */

/* Begin PBXSourcesBuildPhase section */
		448A979220C6B9020004667E /* Sources */ = {
			isa = PBXSourcesBuildPhase;
			buildActionMask = 2147483647;
			files = (
				448A97D020C6BB2D0004667E /* CoreDataStore.swift in Sources */,
				448A97C820C6B9480004667E /* LocalService.swift in Sources */,
				448A979C20C6B9030004667E /* ViewController.swift in Sources */,
				448A97C920C6B9480004667E /* TeachersService.swift in Sources */,
				448A97C520C6B9480004667E /* Array+Dict.swift in Sources */,
				448A97D520C7D01D0004667E /* ReleasesPageEntity.swift in Sources */,
				448A97CF20C6BB2D0004667E /* CoreDataHelper.swift in Sources */,
				448A97C020C6B9480004667E /* ManagedObjectType.swift in Sources */,
				448A97D320C6C05A0004667E /* ReleasesEntity.swift in Sources */,
				448A97C420C6B9480004667E /* CachePolicy.swift in Sources */,
				448A97CA20C6B9480004667E /* NetworkServiceQueryType+Default.swift in Sources */,
				448A97C320C6B9480004667E /* QueryInfoType.swift in Sources */,
				448A979A20C6B9020004667E /* AppDelegate.swift in Sources */,
				448A97C720C6B9480004667E /* TableViewDataSource.swift in Sources */,
				448A97CB20C6B9480004667E /* ParsableManagedObjectExtension.swift in Sources */,
				448A97BF20C6B9480004667E /* NetworkService.swift in Sources */,
				448A97C620C6B9480004667E /* ServiceError.swift in Sources */,
				448A97C220C6B9480004667E /* ModelType.swift in Sources */,
				448A97BE20C6B9480004667E /* FetchResult.swift in Sources */,
				448A97C120C6B9480004667E /* Parsable.swift in Sources */,
			);
			runOnlyForDeploymentPostprocessing = 0;
		};
/* End PBXSourcesBuildPhase section */

/* Begin PBXVariantGroup section */
		448A979D20C6B9030004667E /* Main.storyboard */ = {
			isa = PBXVariantGroup;
			children = (
				448A979E20C6B9030004667E /* Base */,
			);
			name = Main.storyboard;
			sourceTree = "<group>";
		};
		448A97A220C6B9050004667E /* LaunchScreen.storyboard */ = {
			isa = PBXVariantGroup;
			children = (
				448A97A320C6B9050004667E /* Base */,
			);
			name = LaunchScreen.storyboard;
			sourceTree = "<group>";
		};
/* End PBXVariantGroup section */

/* Begin XCBuildConfiguration section */
		448A97A620C6B9050004667E /* Debug */ = {
			isa = XCBuildConfiguration;
			buildSettings = {
				ALWAYS_SEARCH_USER_PATHS = NO;
				CLANG_ANALYZER_NONNULL = YES;
				CLANG_ANALYZER_NUMBER_OBJECT_CONVERSION = YES_AGGRESSIVE;
				CLANG_CXX_LANGUAGE_STANDARD = "gnu++14";
				CLANG_CXX_LIBRARY = "libc++";
				CLANG_ENABLE_MODULES = YES;
				CLANG_ENABLE_OBJC_ARC = YES;
				CLANG_ENABLE_OBJC_WEAK = YES;
				CLANG_WARN_BLOCK_CAPTURE_AUTORELEASING = YES;
				CLANG_WARN_BOOL_CONVERSION = YES;
				CLANG_WARN_COMMA = YES;
				CLANG_WARN_CONSTANT_CONVERSION = YES;
				CLANG_WARN_DEPRECATED_OBJC_IMPLEMENTATIONS = YES;
				CLANG_WARN_DIRECT_OBJC_ISA_USAGE = YES_ERROR;
				CLANG_WARN_DOCUMENTATION_COMMENTS = YES;
				CLANG_WARN_EMPTY_BODY = YES;
				CLANG_WARN_ENUM_CONVERSION = YES;
				CLANG_WARN_INFINITE_RECURSION = YES;
				CLANG_WARN_INT_CONVERSION = YES;
				CLANG_WARN_NON_LITERAL_NULL_CONVERSION = YES;
				CLANG_WARN_OBJC_IMPLICIT_RETAIN_SELF = YES;
				CLANG_WARN_OBJC_LITERAL_CONVERSION = YES;
				CLANG_WARN_OBJC_ROOT_CLASS = YES_ERROR;
				CLANG_WARN_RANGE_LOOP_ANALYSIS = YES;
				CLANG_WARN_STRICT_PROTOTYPES = YES;
				CLANG_WARN_SUSPICIOUS_MOVE = YES;
				CLANG_WARN_UNGUARDED_AVAILABILITY = YES_AGGRESSIVE;
				CLANG_WARN_UNREACHABLE_CODE = YES;
				CLANG_WARN__DUPLICATE_METHOD_MATCH = YES;
				CODE_SIGN_IDENTITY = "iPhone Developer";
				COPY_PHASE_STRIP = NO;
				DEBUG_INFORMATION_FORMAT = dwarf;
				ENABLE_STRICT_OBJC_MSGSEND = YES;
				ENABLE_TESTABILITY = YES;
				GCC_C_LANGUAGE_STANDARD = gnu11;
				GCC_DYNAMIC_NO_PIC = NO;
				GCC_NO_COMMON_BLOCKS = YES;
				GCC_OPTIMIZATION_LEVEL = 0;
				GCC_PREPROCESSOR_DEFINITIONS = (
					"DEBUG=1",
					"$(inherited)",
				);
				GCC_WARN_64_TO_32_BIT_CONVERSION = YES;
				GCC_WARN_ABOUT_RETURN_TYPE = YES_ERROR;
				GCC_WARN_UNDECLARED_SELECTOR = YES;
				GCC_WARN_UNINITIALIZED_AUTOS = YES_AGGRESSIVE;
				GCC_WARN_UNUSED_FUNCTION = YES;
				GCC_WARN_UNUSED_VARIABLE = YES;
				IPHONEOS_DEPLOYMENT_TARGET = 11.3;
				MTL_ENABLE_DEBUG_INFO = YES;
				ONLY_ACTIVE_ARCH = YES;
				SDKROOT = iphoneos;
				SWIFT_ACTIVE_COMPILATION_CONDITIONS = DEBUG;
				SWIFT_OPTIMIZATION_LEVEL = "-Onone";
			};
			name = Debug;
		};
		448A97A720C6B9050004667E /* Release */ = {
			isa = XCBuildConfiguration;
			buildSettings = {
				ALWAYS_SEARCH_USER_PATHS = NO;
				CLANG_ANALYZER_NONNULL = YES;
				CLANG_ANALYZER_NUMBER_OBJECT_CONVERSION = YES_AGGRESSIVE;
				CLANG_CXX_LANGUAGE_STANDARD = "gnu++14";
				CLANG_CXX_LIBRARY = "libc++";
				CLANG_ENABLE_MODULES = YES;
				CLANG_ENABLE_OBJC_ARC = YES;
				CLANG_ENABLE_OBJC_WEAK = YES;
				CLANG_WARN_BLOCK_CAPTURE_AUTORELEASING = YES;
				CLANG_WARN_BOOL_CONVERSION = YES;
				CLANG_WARN_COMMA = YES;
				CLANG_WARN_CONSTANT_CONVERSION = YES;
				CLANG_WARN_DEPRECATED_OBJC_IMPLEMENTATIONS = YES;
				CLANG_WARN_DIRECT_OBJC_ISA_USAGE = YES_ERROR;
				CLANG_WARN_DOCUMENTATION_COMMENTS = YES;
				CLANG_WARN_EMPTY_BODY = YES;
				CLANG_WARN_ENUM_CONVERSION = YES;
				CLANG_WARN_INFINITE_RECURSION = YES;
				CLANG_WARN_INT_CONVERSION = YES;
				CLANG_WARN_NON_LITERAL_NULL_CONVERSION = YES;
				CLANG_WARN_OBJC_IMPLICIT_RETAIN_SELF = YES;
				CLANG_WARN_OBJC_LITERAL_CONVERSION = YES;
				CLANG_WARN_OBJC_ROOT_CLASS = YES_ERROR;
				CLANG_WARN_RANGE_LOOP_ANALYSIS = YES;
				CLANG_WARN_STRICT_PROTOTYPES = YES;
				CLANG_WARN_SUSPICIOUS_MOVE = YES;
				CLANG_WARN_UNGUARDED_AVAILABILITY = YES_AGGRESSIVE;
				CLANG_WARN_UNREACHABLE_CODE = YES;
				CLANG_WARN__DUPLICATE_METHOD_MATCH = YES;
				CODE_SIGN_IDENTITY = "iPhone Developer";
				COPY_PHASE_STRIP = NO;
				DEBUG_INFORMATION_FORMAT = "dwarf-with-dsym";
				ENABLE_NS_ASSERTIONS = NO;
				ENABLE_STRICT_OBJC_MSGSEND = YES;
				GCC_C_LANGUAGE_STANDARD = gnu11;
				GCC_NO_COMMON_BLOCKS = YES;
				GCC_WARN_64_TO_32_BIT_CONVERSION = YES;
				GCC_WARN_ABOUT_RETURN_TYPE = YES_ERROR;
				GCC_WARN_UNDECLARED_SELECTOR = YES;
				GCC_WARN_UNINITIALIZED_AUTOS = YES_AGGRESSIVE;
				GCC_WARN_UNUSED_FUNCTION = YES;
				GCC_WARN_UNUSED_VARIABLE = YES;
				IPHONEOS_DEPLOYMENT_TARGET = 11.3;
				MTL_ENABLE_DEBUG_INFO = NO;
				SDKROOT = iphoneos;
				SWIFT_COMPILATION_MODE = wholemodule;
				SWIFT_OPTIMIZATION_LEVEL = "-O";
				VALIDATE_PRODUCT = YES;
			};
			name = Release;
		};
		448A97A920C6B9050004667E /* Debug */ = {
			isa = XCBuildConfiguration;
			buildSettings = {
				ASSETCATALOG_COMPILER_APPICON_NAME = AppIcon;
				CODE_SIGN_STYLE = Automatic;
				DEVELOPMENT_TEAM = E7DAAV478D;
				INFOPLIST_FILE = "love-of-music/Info.plist";
				LD_RUNPATH_SEARCH_PATHS = (
					"$(inherited)",
					"@executable_path/Frameworks",
				);
				PRODUCT_BUNDLE_IDENTIFIER = "Home.love-of-music";
				PRODUCT_NAME = "$(TARGET_NAME)";
				SWIFT_VERSION = 4.0;
				TARGETED_DEVICE_FAMILY = "1,2";
			};
			name = Debug;
		};
		448A97AA20C6B9050004667E /* Release */ = {
			isa = XCBuildConfiguration;
			buildSettings = {
				ASSETCATALOG_COMPILER_APPICON_NAME = AppIcon;
				CODE_SIGN_STYLE = Automatic;
				DEVELOPMENT_TEAM = E7DAAV478D;
				INFOPLIST_FILE = "love-of-music/Info.plist";
				LD_RUNPATH_SEARCH_PATHS = (
					"$(inherited)",
					"@executable_path/Frameworks",
				);
				PRODUCT_BUNDLE_IDENTIFIER = "Home.love-of-music";
				PRODUCT_NAME = "$(TARGET_NAME)";
				SWIFT_VERSION = 4.0;
				TARGETED_DEVICE_FAMILY = "1,2";
			};
			name = Release;
		};
/* End XCBuildConfiguration section */

/* Begin XCConfigurationList section */
		448A979120C6B9020004667E /* Build configuration list for PBXProject "love-of-music" */ = {
			isa = XCConfigurationList;
			buildConfigurations = (
				448A97A620C6B9050004667E /* Debug */,
				448A97A720C6B9050004667E /* Release */,
			);
			defaultConfigurationIsVisible = 0;
			defaultConfigurationName = Release;
		};
		448A97A820C6B9050004667E /* Build configuration list for PBXNativeTarget "love-of-music" */ = {
			isa = XCConfigurationList;
			buildConfigurations = (
				448A97A920C6B9050004667E /* Debug */,
				448A97AA20C6B9050004667E /* Release */,
			);
			defaultConfigurationIsVisible = 0;
			defaultConfigurationName = Release;
		};
/* End XCConfigurationList section */
	};
	rootObject = 448A978E20C6B9020004667E /* Project object */;
}
